{
  "name": "apple-pay-decrypt-token",
  "version": "1.0.1",
  "lockfileVersion": 3,
  "requires": true,
  "packages": {
    "": {
      "name": "apple-pay-decrypt-token",
      "version": "1.0.1",
      "license": "MIT",
      "dependencies": {
        "@fidm/x509": "^1.2.1",
        "asn1js": "^2.0.26",
        "ec-key": "0.0.4",
        "pkijs": "^2.1.88"
      }
    },
    "node_modules/@fidm/asn1": {
      "version": "1.0.4",
      "resolved": "https://registry.npmjs.org/@fidm/asn1/-/asn1-1.0.4.tgz",
      "integrity": "sha512-esd1jyNvRb2HVaQGq2Gg8Z0kbQPXzV9Tq5Z14KNIov6KfFD6PTaRIO8UpcsYiTNzOqJpmyzWgVTrUwFV3UF4TQ==",
      "engines": {
        "node": ">= 8"
      }
    },
    "node_modules/@fidm/x509": {
      "version": "1.2.1",
      "resolved": "https://registry.npmjs.org/@fidm/x509/-/x509-1.2.1.tgz",
      "integrity": "sha512-nwc2iesjyc9hkuzcrMCBXQRn653XuAUKorfWM8PZyJawiy1QzLj4vahwzaI25+pfpwOLvMzbJ0uKpWLDNmo16w==",
      "dependencies": {
        "@fidm/asn1": "^1.0.4",
        "tweetnacl": "^1.0.1"
      },
      "engines": {
        "node": ">= 8"
      }
    },
    "node_modules/asn1.js": {
      "version": "5.4.1",
      "resolved": "https://registry.npmjs.org/asn1.js/-/asn1.js-5.4.1.tgz",
      "integrity": "sha512-+I//4cYPccV8LdmBLiX8CYvf9Sp3vQsrqu2QNXRcrbiWvcx/UdlFiqUJJzxRQxgsZmvhXhn4cSKeSmoFjVdupA==",
      "dependencies": {
        "bn.js": "^4.0.0",
        "inherits": "^2.0.1",
        "minimalistic-assert": "^1.0.0",
        "safer-buffer": "^2.1.0"
      }
    },
    "node_modules/asn1js": {
      "version": "2.4.0",
      "resolved": "https://registry.npmjs.org/asn1js/-/asn1js-2.4.0.tgz",
      "integrity": "sha512-PvZC0FMyMut8aOnR2jAEGSkmRtHIUYPe9amUEnGjr9TdnUmsfoOkjrvUkOEU9mzpYBR1HyO9bF+8U1cLTMMHhQ==",
      "dependencies": {
        "pvutils": "^1.1.3"
      },
      "engines": {
        "node": ">=6.0.0"
      }
    },
    "node_modules/bn.js": {
      "version": "4.12.0",
      "resolved": "https://registry.npmjs.org/bn.js/-/bn.js-4.12.0.tgz",
      "integrity": "sha512-c98Bf3tPniI+scsdk237ku1Dc3ujXQTSgyiPUDEOe7tRkhrqridvh8klBv0HCEso1OLOYcHuCv/cS6DNxKH+ZA=="
    },
    "node_modules/bytestreamjs": {
      "version": "1.1.3",
      "resolved": "https://registry.npmjs.org/bytestreamjs/-/bytestreamjs-1.1.3.tgz",
      "integrity": "sha512-JDGoiJ+yt+4Ui1e/vMWx5TRvmnErBBbsOkprXgbe1fRp2XZzI8MoknoiR/ZVCya9aWJbOhrJ5Heon1wrAdftkg==",
      "engines": {
        "node": ">=6.0.0"
      }
    },
    "node_modules/ec-key": {
      "version": "0.0.4",
      "resolved": "https://registry.npmjs.org/ec-key/-/ec-key-0.0.4.tgz",
      "integrity": "sha512-jJkzm7XWb4Bcu4TpuQnOZD/OGSW3Y35S0Qe0cpnJsricaJtC+Tl3I0OKwgQasxNiEFt0Czv89ncq7vrHSgMj/w==",
      "dependencies": {
        "asn1.js": "^5.2.0"
      },
      "engines": {
        "node": ">=6.0.0"
      }
    },
    "node_modules/inherits": {
      "version": "2.0.4",
      "resolved": "https://registry.npmjs.org/inherits/-/inherits-2.0.4.tgz",
      "integrity": "sha512-k/vGaX4/Yla3WzyMCvTQOXYeIHvqOKtnqBduzTHpzpQZzAskKMhZ2K+EnBiSM9zGSoIFeMpXKxa4dYeZIQqewQ=="
    },
    "node_modules/minimalistic-assert": {
      "version": "1.0.1",
      "resolved": "https://registry.npmjs.org/minimalistic-assert/-/minimalistic-assert-1.0.1.tgz",
      "integrity": "sha512-UtJcAD4yEaGtjPezWuO9wC4nwUnVH/8/Im3yEHQP4b67cXlD/Qr9hdITCU1xDbSEXg2XKNaP8jsReV7vQd00/A=="
    },
    "node_modules/pkijs": {
      "version": "2.4.0",
      "resolved": "https://registry.npmjs.org/pkijs/-/pkijs-2.4.0.tgz",
      "integrity": "sha512-cjJP/mYuGyMrjJ49jI04khId5Oufd3nFTUYBzQTIIVNI7/oAWdwXEfpwTF8HELFV/gz+WGYUBHCe3KHWD8rYvg==",
      "dependencies": {
        "asn1js": "^3.0.3",
        "bytestreamjs": "^1.0.29",
        "pvutils": "^1.1.3"
      },
      "engines": {
        "node": ">=6.0.0"
      }
    },
    "node_modules/pkijs/node_modules/asn1js": {
      "version": "3.0.5",
      "resolved": "https://registry.npmjs.org/asn1js/-/asn1js-3.0.5.tgz",
      "integrity": "sha512-FVnvrKJwpt9LP2lAMl8qZswRNm3T4q9CON+bxldk2iwk3FFpuwhx2FfinyitizWHsVYyaY+y5JzDR0rCMV5yTQ==",
      "dependencies": {
        "pvtsutils": "^1.3.2",
        "pvutils": "^1.1.3",
        "tslib": "^2.4.0"
      },
      "engines": {
        "node": ">=12.0.0"
      }
    },
    "node_modules/pvtsutils": {
      "version": "1.3.5",
      "resolved": "https://registry.npmjs.org/pvtsutils/-/pvtsutils-1.3.5.tgz",
      "integrity": "sha512-ARvb14YB9Nm2Xi6nBq1ZX6dAM0FsJnuk+31aUp4TrcZEdKUlSqOqsxJHUPJDNE3qiIp+iUPEIeR6Je/tgV7zsA==",
      "dependencies": {
        "tslib": "^2.6.1"
      }
    },
    "node_modules/pvutils": {
      "version": "1.1.3",
      "resolved": "https://registry.npmjs.org/pvutils/-/pvutils-1.1.3.tgz",
      "integrity": "sha512-pMpnA0qRdFp32b1sJl1wOJNxZLQ2cbQx+k6tjNtZ8CpvVhNqEPRgivZ2WOUev2YMajecdH7ctUPDvEe87nariQ==",
      "engines": {
        "node": ">=6.0.0"
      }
    },
    "node_modules/safer-buffer": {
      "version": "2.1.2",
      "resolved": "https://registry.npmjs.org/safer-buffer/-/safer-buffer-2.1.2.tgz",
      "integrity": "sha512-YZo3K82SD7Riyi0E1EQPojLz7kpepnSQI9IyPbHHg1XXXevb5dJI7tpyN2ADxGcQbHG7vcyRHk0cbwqcQriUtg=="
    },
    "node_modules/tslib": {
      "version": "2.6.2",
      "resolved": "https://registry.npmjs.org/tslib/-/tslib-2.6.2.tgz",
      "integrity": "sha512-AEYxH93jGFPn/a2iVAwW87VuUIkR1FVUKB77NwMF7nBTDkDrrT/Hpt/IrCJ0QXhW27jTBDcf5ZY7w6RiqTMw2Q=="
    },
    "node_modules/tweetnacl": {
      "version": "1.0.3",
      "resolved": "https://registry.npmjs.org/tweetnacl/-/tweetnacl-1.0.3.tgz",
      "integrity": "sha512-6rt+RN7aOi1nGMyC4Xa5DdYiukl2UWCbcJft7YhxReBGQD7OAM8Pbxw6YMo4r2diNEA8FEmu32YOn9rhaiE5yw=="
    }
  }
}
